NeoBundleLock AutoClose d50ea9a887e14e1af43788beaa66144bbc745cb5
NeoBundleLock Zenburn eec67511855b52c9e6e894915157c682ea72285b
NeoBundleLock ag.vim f05f31352689be245611c893b37652110f27a2c5
NeoBundleLock clever-f.vim 5969aa7e7366cca285ebba931ae7362b2cce2cf8
NeoBundleLock codeschool-vim-theme 880cc5470dace0fb5de204d68a918a6fdc61232d
NeoBundleLock molokai db8ce13b3737d3ddea8368498183d7c204a762eb
NeoBundleLock neobundle.vim 484c7730cace41d46616e840ba6247886a87c9aa
NeoBundleLock neocomplcache ffb43c82494638491406cba154a767efa947a904
NeoBundleLock neosnippet 044c9cb8ca46a5e27eec37198990c26fe707b02a
NeoBundleLock neosnippet-snippets d66cc78d8099e92aacf9d27d7b769abf7e9d6f7a
NeoBundleLock nerdtree 12513decb98640ee42e6f4b49d872eede14e38e7
NeoBundleLock sonictemplate-vim db6317ac646ea2f4a92ab456fcd4acdec95ad0de
NeoBundleLock syntastic a17db15e7df7e77db18766a83a5fe3ea42b36793
NeoBundleLock unite-qf 30c236a06ee58f21a43c11bb5720253d0689e295
NeoBundleLock unite.vim e0f3695a167c5b547cd7fb3de052be7f95a65ef0
NeoBundleLock vim-go 6d2b062db3afba59446cbe13d3049b5b5b1ccd85
NeoBundleLock vim-hybrid 9936b12a31d1b368c6a8858a88be2fd35946f191
NeoBundleLock vim-javascript 8a409f7fd89de746296a92218183dc69fb6e3d93
NeoBundleLock vim-javascript-syntax 82cb62c8982c825eaeeefe84a7a77cb86e33a242
NeoBundleLock vim-monokai 3103dcb2470d26a78512aacf2062bdba50e5dc3a
NeoBundleLock vim-multiple-cursors bf8c1db5908beb89194c072f95b88543acc59c73
NeoBundleLock vim-quickrun 2d03b3a7405da0e95ff7f6f617843ba9f536395f
NeoBundleLock vim-railscasts-theme 9035daff38dbbd30229890f26e54d9a7a71deca3
NeoBundleLock vim-surround 772ab9587b7d1e2c3bae75395c9123803059ba8a
NeoBundleLock vimfiler 69bf57363139e7397b18d420944e979d1e5641ab
NeoBundleLock vimproc 0f68bcd93399ecbcde3eaa4efd09107314c9bdee
NeoBundleLock yankround.vim 96bdd8226df7f06f3b016cf6a23442dfdb9981ac
